# This file is automatically @generated by Cargo.
# It is not intended for manual editing.
version = 3

[[package]]
name = "bytecode"
version = "0.1.0"
dependencies = [
 "lexer",
 "parse",
 "semantic",
]

[[package]]
name = "lexer"
version = "0.1.0"

[[package]]
name = "parse"
version = "0.1.0"
dependencies = [
 "lexer",
]

[[package]]
name = "semantic"
version = "0.1.0"
dependencies = [
 "lexer",
 "parse",
]
